
Microsoft Visual Studio Solution File, Format Version 12.00
# Visual Studio 15
VisualStudioVersion = 15.0.27130.2036
MinimumVisualStudioVersion = 10.0.40219.1
Project("{2150E333-8FDC-42A3-9474-1A3956D46DE8}") = ".nuget", ".nuget", "{E426B2A6-0794-49AA-9C92-909ADF26262C}"
	ProjectSection(SolutionItems) = preProject
		NuGet.Config = NuGet.Config
	EndProjectSection
EndProject
Project("{2150E333-8FDC-42A3-9474-1A3956D46DE8}") = "1. Common", "1. Common", "{49BA55BA-94F1-4959-8B79-F2F6D9676BE2}"
EndProject
Project("{9A19103F-16F7-4668-BE54-9A1E7A4F7556}") = "BusWebAPI.Models", "BusWebAPI.Models\BusWebAPI.Models.csproj", "{D0CBC65E-0B23-4138-920D-09646B36DC12}"
EndProject
Project("{2150E333-8FDC-42A3-9474-1A3956D46DE8}") = "2. DAL", "2. DAL", "{B9AECCFA-E013-49B4-9B59-D3B266C7F11C}"
EndProject
Project("{FAE04EC0-301F-11D3-BF4B-00C04F79EFBC}") = "BusWebAPI.DAL.Contracts", "BusWebAPI.DAL.Contracts\BusWebAPI.DAL.Contracts.csproj", "{6D0869E3-D6D9-4665-ADFA-A2134AC2BB5E}"
EndProject
Project("{FAE04EC0-301F-11D3-BF4B-00C04F79EFBC}") = "BusWebAPI.DAL.Implementation", "BusWebAPI.DAL.Implementation\BusWebAPI.DAL.Implementation.csproj", "{3144DE60-54F0-4923-947E-C12506107275}"
EndProject
Project("{FAE04EC0-301F-11D3-BF4B-00C04F79EFBC}") = "BusWebAPI.DAL.Moq", "BusWebAPI.DAL.Moq\BusWebAPI.DAL.Moq.csproj", "{096C51D6-5638-4B1C-AE6B-E3E4A26D492F}"
EndProject
Project("{2150E333-8FDC-42A3-9474-1A3956D46DE8}") = "3. BL", "3. BL", "{7BAF0826-9030-442E-AD1D-2D930D220D89}"
EndProject
Project("{FAE04EC0-301F-11D3-BF4B-00C04F79EFBC}") = "BusWebAPI.BL.Contracts", "BusWebAPI.BL.Contracts\BusWebAPI.BL.Contracts.csproj", "{AA6BA795-5A69-4B38-B2FC-4E31F3A71F6C}"
EndProject
Project("{FAE04EC0-301F-11D3-BF4B-00C04F79EFBC}") = "BusWebAPI.BL.Implementation", "BusWebAPI.BL.Implementation\BusWebAPI.BL.Implementation.csproj", "{0B1A8AAC-F68D-4F4A-8B57-E5AD20C30788}"
EndProject
Project("{2150E333-8FDC-42A3-9474-1A3956D46DE8}") = "4. Security", "4. Security", "{9649F0AB-0C1D-4938-92EA-2873823D7268}"
EndProject
Project("{FAE04EC0-301F-11D3-BF4B-00C04F79EFBC}") = "BusWebAPI.Security.Contracts", "BusWebAPI.Security.Contracts\BusWebAPI.Security.Contracts.csproj", "{2A58CB58-9453-443D-BE47-20759A487C89}"
EndProject
Project("{FAE04EC0-301F-11D3-BF4B-00C04F79EFBC}") = "BusWebAPI.Security.Implementation", "BusWebAPI.Security.Implementation\BusWebAPI.Security.Implementation.csproj", "{A5D85AFD-2D0C-49FB-B23A-338E39173605}"
EndProject
Project("{FAE04EC0-301F-11D3-BF4B-00C04F79EFBC}") = "BusWebAPI.Security.Moq", "BusWebAPI.Security.Moq\BusWebAPI.Security.Moq.csproj", "{DFFF2977-4AC6-4516-A1FC-EAE8E5214001}"
EndProject
Project("{2150E333-8FDC-42A3-9474-1A3956D46DE8}") = "5. Web", "5. Web", "{8C94EB85-66DE-4729-B44C-A3FB538D55F4}"
EndProject
Project("{FAE04EC0-301F-11D3-BF4B-00C04F79EFBC}") = "BusWebAPI.WebAPI", "BusWebAPI.WebAPI\BusWebAPI.WebAPI.csproj", "{7D603A41-A620-4163-86D9-D5DA6F0710B3}"
	ProjectSection(ProjectDependencies) = postProject
		{DFFF2977-4AC6-4516-A1FC-EAE8E5214001} = {DFFF2977-4AC6-4516-A1FC-EAE8E5214001}
		{6D0869E3-D6D9-4665-ADFA-A2134AC2BB5E} = {6D0869E3-D6D9-4665-ADFA-A2134AC2BB5E}
		{3144DE60-54F0-4923-947E-C12506107275} = {3144DE60-54F0-4923-947E-C12506107275}
		{0B1A8AAC-F68D-4F4A-8B57-E5AD20C30788} = {0B1A8AAC-F68D-4F4A-8B57-E5AD20C30788}
		{A5D85AFD-2D0C-49FB-B23A-338E39173605} = {A5D85AFD-2D0C-49FB-B23A-338E39173605}
		{096C51D6-5638-4B1C-AE6B-E3E4A26D492F} = {096C51D6-5638-4B1C-AE6B-E3E4A26D492F}
	EndProjectSection
EndProject
Global
	GlobalSection(SolutionConfigurationPlatforms) = preSolution
		Dev|Any CPU = Dev|Any CPU
		Prod|Any CPU = Prod|Any CPU
		Test|Any CPU = Test|Any CPU
	EndGlobalSection
	GlobalSection(ProjectConfigurationPlatforms) = postSolution
		{D0CBC65E-0B23-4138-920D-09646B36DC12}.Dev|Any CPU.ActiveCfg = Dev|Any CPU
		{D0CBC65E-0B23-4138-920D-09646B36DC12}.Dev|Any CPU.Build.0 = Dev|Any CPU
		{D0CBC65E-0B23-4138-920D-09646B36DC12}.Prod|Any CPU.ActiveCfg = Prod|Any CPU
		{D0CBC65E-0B23-4138-920D-09646B36DC12}.Prod|Any CPU.Build.0 = Prod|Any CPU
		{D0CBC65E-0B23-4138-920D-09646B36DC12}.Test|Any CPU.ActiveCfg = Test|Any CPU
		{D0CBC65E-0B23-4138-920D-09646B36DC12}.Test|Any CPU.Build.0 = Test|Any CPU
		{6D0869E3-D6D9-4665-ADFA-A2134AC2BB5E}.Dev|Any CPU.ActiveCfg = Dev|Any CPU
		{6D0869E3-D6D9-4665-ADFA-A2134AC2BB5E}.Dev|Any CPU.Build.0 = Dev|Any CPU
		{6D0869E3-D6D9-4665-ADFA-A2134AC2BB5E}.Prod|Any CPU.ActiveCfg = Prod|Any CPU
		{6D0869E3-D6D9-4665-ADFA-A2134AC2BB5E}.Prod|Any CPU.Build.0 = Prod|Any CPU
		{6D0869E3-D6D9-4665-ADFA-A2134AC2BB5E}.Test|Any CPU.ActiveCfg = Test|Any CPU
		{6D0869E3-D6D9-4665-ADFA-A2134AC2BB5E}.Test|Any CPU.Build.0 = Test|Any CPU
		{3144DE60-54F0-4923-947E-C12506107275}.Dev|Any CPU.ActiveCfg = Dev|Any CPU
		{3144DE60-54F0-4923-947E-C12506107275}.Dev|Any CPU.Build.0 = Dev|Any CPU
		{3144DE60-54F0-4923-947E-C12506107275}.Prod|Any CPU.ActiveCfg = Prod|Any CPU
		{3144DE60-54F0-4923-947E-C12506107275}.Prod|Any CPU.Build.0 = Prod|Any CPU
		{3144DE60-54F0-4923-947E-C12506107275}.Test|Any CPU.ActiveCfg = Test|Any CPU
		{3144DE60-54F0-4923-947E-C12506107275}.Test|Any CPU.Build.0 = Test|Any CPU
		{096C51D6-5638-4B1C-AE6B-E3E4A26D492F}.Dev|Any CPU.ActiveCfg = Dev|Any CPU
		{096C51D6-5638-4B1C-AE6B-E3E4A26D492F}.Dev|Any CPU.Build.0 = Dev|Any CPU
		{096C51D6-5638-4B1C-AE6B-E3E4A26D492F}.Prod|Any CPU.ActiveCfg = Prod|Any CPU
		{096C51D6-5638-4B1C-AE6B-E3E4A26D492F}.Prod|Any CPU.Build.0 = Prod|Any CPU
		{096C51D6-5638-4B1C-AE6B-E3E4A26D492F}.Test|Any CPU.ActiveCfg = Test|Any CPU
		{096C51D6-5638-4B1C-AE6B-E3E4A26D492F}.Test|Any CPU.Build.0 = Test|Any CPU
		{AA6BA795-5A69-4B38-B2FC-4E31F3A71F6C}.Dev|Any CPU.ActiveCfg = Dev|Any CPU
		{AA6BA795-5A69-4B38-B2FC-4E31F3A71F6C}.Dev|Any CPU.Build.0 = Dev|Any CPU
		{AA6BA795-5A69-4B38-B2FC-4E31F3A71F6C}.Prod|Any CPU.ActiveCfg = Prod|Any CPU
		{AA6BA795-5A69-4B38-B2FC-4E31F3A71F6C}.Prod|Any CPU.Build.0 = Prod|Any CPU
		{AA6BA795-5A69-4B38-B2FC-4E31F3A71F6C}.Test|Any CPU.ActiveCfg = Test|Any CPU
		{AA6BA795-5A69-4B38-B2FC-4E31F3A71F6C}.Test|Any CPU.Build.0 = Test|Any CPU
		{0B1A8AAC-F68D-4F4A-8B57-E5AD20C30788}.Dev|Any CPU.ActiveCfg = Dev|Any CPU
		{0B1A8AAC-F68D-4F4A-8B57-E5AD20C30788}.Dev|Any CPU.Build.0 = Dev|Any CPU
		{0B1A8AAC-F68D-4F4A-8B57-E5AD20C30788}.Prod|Any CPU.ActiveCfg = Prod|Any CPU
		{0B1A8AAC-F68D-4F4A-8B57-E5AD20C30788}.Prod|Any CPU.Build.0 = Prod|Any CPU
		{0B1A8AAC-F68D-4F4A-8B57-E5AD20C30788}.Test|Any CPU.ActiveCfg = Test|Any CPU
		{0B1A8AAC-F68D-4F4A-8B57-E5AD20C30788}.Test|Any CPU.Build.0 = Test|Any CPU
		{2A58CB58-9453-443D-BE47-20759A487C89}.Dev|Any CPU.ActiveCfg = Dev|Any CPU
		{2A58CB58-9453-443D-BE47-20759A487C89}.Dev|Any CPU.Build.0 = Dev|Any CPU
		{2A58CB58-9453-443D-BE47-20759A487C89}.Prod|Any CPU.ActiveCfg = Prod|Any CPU
		{2A58CB58-9453-443D-BE47-20759A487C89}.Prod|Any CPU.Build.0 = Prod|Any CPU
		{2A58CB58-9453-443D-BE47-20759A487C89}.Test|Any CPU.ActiveCfg = Test|Any CPU
		{2A58CB58-9453-443D-BE47-20759A487C89}.Test|Any CPU.Build.0 = Test|Any CPU
		{A5D85AFD-2D0C-49FB-B23A-338E39173605}.Dev|Any CPU.ActiveCfg = Dev|Any CPU
		{A5D85AFD-2D0C-49FB-B23A-338E39173605}.Dev|Any CPU.Build.0 = Dev|Any CPU
		{A5D85AFD-2D0C-49FB-B23A-338E39173605}.Prod|Any CPU.ActiveCfg = Prod|Any CPU
		{A5D85AFD-2D0C-49FB-B23A-338E39173605}.Prod|Any CPU.Build.0 = Prod|Any CPU
		{A5D85AFD-2D0C-49FB-B23A-338E39173605}.Test|Any CPU.ActiveCfg = Test|Any CPU
		{A5D85AFD-2D0C-49FB-B23A-338E39173605}.Test|Any CPU.Build.0 = Test|Any CPU
		{DFFF2977-4AC6-4516-A1FC-EAE8E5214001}.Dev|Any CPU.ActiveCfg = Dev|Any CPU
		{DFFF2977-4AC6-4516-A1FC-EAE8E5214001}.Dev|Any CPU.Build.0 = Dev|Any CPU
		{DFFF2977-4AC6-4516-A1FC-EAE8E5214001}.Prod|Any CPU.ActiveCfg = Prod|Any CPU
		{DFFF2977-4AC6-4516-A1FC-EAE8E5214001}.Prod|Any CPU.Build.0 = Prod|Any CPU
		{DFFF2977-4AC6-4516-A1FC-EAE8E5214001}.Test|Any CPU.ActiveCfg = Test|Any CPU
		{DFFF2977-4AC6-4516-A1FC-EAE8E5214001}.Test|Any CPU.Build.0 = Test|Any CPU
		{7D603A41-A620-4163-86D9-D5DA6F0710B3}.Dev|Any CPU.ActiveCfg = Dev|Any CPU
		{7D603A41-A620-4163-86D9-D5DA6F0710B3}.Dev|Any CPU.Build.0 = Dev|Any CPU
		{7D603A41-A620-4163-86D9-D5DA6F0710B3}.Prod|Any CPU.ActiveCfg = Prod|Any CPU
		{7D603A41-A620-4163-86D9-D5DA6F0710B3}.Prod|Any CPU.Build.0 = Prod|Any CPU
		{7D603A41-A620-4163-86D9-D5DA6F0710B3}.Test|Any CPU.ActiveCfg = Test|Any CPU
		{7D603A41-A620-4163-86D9-D5DA6F0710B3}.Test|Any CPU.Build.0 = Test|Any CPU
	EndGlobalSection
	GlobalSection(SolutionProperties) = preSolution
		HideSolutionNode = FALSE
	EndGlobalSection
	GlobalSection(NestedProjects) = preSolution
		{D0CBC65E-0B23-4138-920D-09646B36DC12} = {49BA55BA-94F1-4959-8B79-F2F6D9676BE2}
		{6D0869E3-D6D9-4665-ADFA-A2134AC2BB5E} = {B9AECCFA-E013-49B4-9B59-D3B266C7F11C}
		{3144DE60-54F0-4923-947E-C12506107275} = {B9AECCFA-E013-49B4-9B59-D3B266C7F11C}
		{096C51D6-5638-4B1C-AE6B-E3E4A26D492F} = {B9AECCFA-E013-49B4-9B59-D3B266C7F11C}
		{AA6BA795-5A69-4B38-B2FC-4E31F3A71F6C} = {7BAF0826-9030-442E-AD1D-2D930D220D89}
		{0B1A8AAC-F68D-4F4A-8B57-E5AD20C30788} = {7BAF0826-9030-442E-AD1D-2D930D220D89}
		{2A58CB58-9453-443D-BE47-20759A487C89} = {9649F0AB-0C1D-4938-92EA-2873823D7268}
		{A5D85AFD-2D0C-49FB-B23A-338E39173605} = {9649F0AB-0C1D-4938-92EA-2873823D7268}
		{DFFF2977-4AC6-4516-A1FC-EAE8E5214001} = {9649F0AB-0C1D-4938-92EA-2873823D7268}
		{7D603A41-A620-4163-86D9-D5DA6F0710B3} = {8C94EB85-66DE-4729-B44C-A3FB538D55F4}
	EndGlobalSection
	GlobalSection(ExtensibilityGlobals) = postSolution
		SolutionGuid = {17C9AE0D-50A6-4AA9-99DA-D6239B285029}
	EndGlobalSection
EndGlobal
